
Microsoft Visual Studio Solution File, Format Version 12.00
# Visual Studio Version 16
VisualStudioVersion = 16.0.31410.357
MinimumVisualStudioVersion = 10.0.40219.1
Project("{FAE04EC0-301F-11D3-BF4B-00C04F79EFBC}") = "ITDCAExamQ4", "ITDCAExamQ4\ITDCAExamQ4.csproj", "{B4501DE4-920C-4EC5-84F1-63E66C84715B}"
EndProject
Global
	GlobalSection(SolutionConfigurationPlatforms) = preSolution
		Debug|Any CPU = Debug|Any CPU
		Release|Any CPU = Release|Any CPU
	EndGlobalSection
	GlobalSection(ProjectConfigurationPlatforms) = postSolution
		{B4501DE4-920C-4EC5-84F1-63E66C84715B}.Debug|Any CPU.ActiveCfg = Debug|Any CPU
		{B4501DE4-920C-4EC5-84F1-63E66C84715B}.Debug|Any CPU.Build.0 = Debug|Any CPU
		{B4501DE4-920C-4EC5-84F1-63E66C84715B}.Release|Any CPU.ActiveCfg = Release|Any CPU
		{B4501DE4-920C-4EC5-84F1-63E66C84715B}.Release|Any CPU.Build.0 = Release|Any CPU
	EndGlobalSection
	GlobalSection(SolutionProperties) = preSolution
		HideSolutionNode = FALSE
	EndGlobalSection
	GlobalSection(ExtensibilityGlobals) = postSolution
		SolutionGuid = {D3A8E2DC-944F-4D61-9F74-95FDF5C08E5C}
	EndGlobalSection
EndGlobal
