
Microsoft Visual Studio Solution File, Format Version 12.00
# Visual Studio Version 16
VisualStudioVersion = 16.0.31410.357
MinimumVisualStudioVersion = 10.0.40219.1
Project("{FAE04EC0-301F-11D3-BF4B-00C04F79EFBC}") = "ITDCA_Assignmnet_Q1.3", "ITDCA_Assignmnet_Q1.3\ITDCA_Assignmnet_Q1.3.csproj", "{8BD05B00-0015-4139-BA58-0CF205B1A872}"
EndProject
Global
	GlobalSection(SolutionConfigurationPlatforms) = preSolution
		Debug|Any CPU = Debug|Any CPU
		Release|Any CPU = Release|Any CPU
	EndGlobalSection
	GlobalSection(ProjectConfigurationPlatforms) = postSolution
		{8BD05B00-0015-4139-BA58-0CF205B1A872}.Debug|Any CPU.ActiveCfg = Debug|Any CPU
		{8BD05B00-0015-4139-BA58-0CF205B1A872}.Debug|Any CPU.Build.0 = Debug|Any CPU
		{8BD05B00-0015-4139-BA58-0CF205B1A872}.Release|Any CPU.ActiveCfg = Release|Any CPU
		{8BD05B00-0015-4139-BA58-0CF205B1A872}.Release|Any CPU.Build.0 = Release|Any CPU
	EndGlobalSection
	GlobalSection(SolutionProperties) = preSolution
		HideSolutionNode = FALSE
	EndGlobalSection
	GlobalSection(ExtensibilityGlobals) = postSolution
		SolutionGuid = {5E132EE2-BBA4-4C86-BE92-7A9AF3BC9959}
	EndGlobalSection
EndGlobal
