
Microsoft Visual Studio Solution File, Format Version 12.00
# Visual Studio Version 16
VisualStudioVersion = 16.0.31410.357
MinimumVisualStudioVersion = 10.0.40219.1
Project("{FAE04EC0-301F-11D3-BF4B-00C04F79EFBC}") = "TestingMinSpanningTree", "TestingMinSpanningTree\TestingMinSpanningTree.csproj", "{F418B771-DD8E-40E2-84A2-6259D03FCD05}"
EndProject
Global
	GlobalSection(SolutionConfigurationPlatforms) = preSolution
		Debug|Any CPU = Debug|Any CPU
		Release|Any CPU = Release|Any CPU
	EndGlobalSection
	GlobalSection(ProjectConfigurationPlatforms) = postSolution
		{F418B771-DD8E-40E2-84A2-6259D03FCD05}.Debug|Any CPU.ActiveCfg = Debug|Any CPU
		{F418B771-DD8E-40E2-84A2-6259D03FCD05}.Debug|Any CPU.Build.0 = Debug|Any CPU
		{F418B771-DD8E-40E2-84A2-6259D03FCD05}.Release|Any CPU.ActiveCfg = Release|Any CPU
		{F418B771-DD8E-40E2-84A2-6259D03FCD05}.Release|Any CPU.Build.0 = Release|Any CPU
	EndGlobalSection
	GlobalSection(SolutionProperties) = preSolution
		HideSolutionNode = FALSE
	EndGlobalSection
	GlobalSection(ExtensibilityGlobals) = postSolution
		SolutionGuid = {E70AB47C-1497-412D-9BCA-AB5643D3F573}
	EndGlobalSection
EndGlobal
