
Microsoft Visual Studio Solution File, Format Version 12.00
# Visual Studio Version 16
VisualStudioVersion = 16.0.31410.357
MinimumVisualStudioVersion = 10.0.40219.1
Project("{FAE04EC0-301F-11D3-BF4B-00C04F79EFBC}") = "2DArraySorting", "2DArraySorting\2DArraySorting.csproj", "{684E7B88-5C50-4B45-82DE-31F2033D8C43}"
EndProject
Global
	GlobalSection(SolutionConfigurationPlatforms) = preSolution
		Debug|Any CPU = Debug|Any CPU
		Release|Any CPU = Release|Any CPU
	EndGlobalSection
	GlobalSection(ProjectConfigurationPlatforms) = postSolution
		{684E7B88-5C50-4B45-82DE-31F2033D8C43}.Debug|Any CPU.ActiveCfg = Debug|Any CPU
		{684E7B88-5C50-4B45-82DE-31F2033D8C43}.Debug|Any CPU.Build.0 = Debug|Any CPU
		{684E7B88-5C50-4B45-82DE-31F2033D8C43}.Release|Any CPU.ActiveCfg = Release|Any CPU
		{684E7B88-5C50-4B45-82DE-31F2033D8C43}.Release|Any CPU.Build.0 = Release|Any CPU
	EndGlobalSection
	GlobalSection(SolutionProperties) = preSolution
		HideSolutionNode = FALSE
	EndGlobalSection
	GlobalSection(ExtensibilityGlobals) = postSolution
		SolutionGuid = {32D89D59-4B3C-44DD-BEF6-2BE80A447625}
	EndGlobalSection
EndGlobal
