
Microsoft Visual Studio Solution File, Format Version 12.00
# Visual Studio Version 16
VisualStudioVersion = 16.0.31410.357
MinimumVisualStudioVersion = 10.0.40219.1
Project("{FAE04EC0-301F-11D3-BF4B-00C04F79EFBC}") = "ITDCAExamQ2", "ITDCAExamQ2\ITDCAExamQ2.csproj", "{C3F34247-A742-42A5-9F05-1EF0E7CEA31B}"
EndProject
Global
	GlobalSection(SolutionConfigurationPlatforms) = preSolution
		Debug|Any CPU = Debug|Any CPU
		Release|Any CPU = Release|Any CPU
	EndGlobalSection
	GlobalSection(ProjectConfigurationPlatforms) = postSolution
		{C3F34247-A742-42A5-9F05-1EF0E7CEA31B}.Debug|Any CPU.ActiveCfg = Debug|Any CPU
		{C3F34247-A742-42A5-9F05-1EF0E7CEA31B}.Debug|Any CPU.Build.0 = Debug|Any CPU
		{C3F34247-A742-42A5-9F05-1EF0E7CEA31B}.Release|Any CPU.ActiveCfg = Release|Any CPU
		{C3F34247-A742-42A5-9F05-1EF0E7CEA31B}.Release|Any CPU.Build.0 = Release|Any CPU
	EndGlobalSection
	GlobalSection(SolutionProperties) = preSolution
		HideSolutionNode = FALSE
	EndGlobalSection
	GlobalSection(ExtensibilityGlobals) = postSolution
		SolutionGuid = {398EC93F-C11E-4B51-A36C-E245ECBC4666}
	EndGlobalSection
EndGlobal
