
Microsoft Visual Studio Solution File, Format Version 12.00
# Visual Studio Version 16
VisualStudioVersion = 16.0.31410.357
MinimumVisualStudioVersion = 10.0.40219.1
Project("{FAE04EC0-301F-11D3-BF4B-00C04F79EFBC}") = "PretestQ2", "PretestQ2\PretestQ2.csproj", "{F5C6402C-EA58-4E5F-9B0F-A894D76BF95C}"
EndProject
Global
	GlobalSection(SolutionConfigurationPlatforms) = preSolution
		Debug|Any CPU = Debug|Any CPU
		Release|Any CPU = Release|Any CPU
	EndGlobalSection
	GlobalSection(ProjectConfigurationPlatforms) = postSolution
		{F5C6402C-EA58-4E5F-9B0F-A894D76BF95C}.Debug|Any CPU.ActiveCfg = Debug|Any CPU
		{F5C6402C-EA58-4E5F-9B0F-A894D76BF95C}.Debug|Any CPU.Build.0 = Debug|Any CPU
		{F5C6402C-EA58-4E5F-9B0F-A894D76BF95C}.Release|Any CPU.ActiveCfg = Release|Any CPU
		{F5C6402C-EA58-4E5F-9B0F-A894D76BF95C}.Release|Any CPU.Build.0 = Release|Any CPU
	EndGlobalSection
	GlobalSection(SolutionProperties) = preSolution
		HideSolutionNode = FALSE
	EndGlobalSection
	GlobalSection(ExtensibilityGlobals) = postSolution
		SolutionGuid = {AFDD5E4E-9525-42B6-9B07-9C71D928B96B}
	EndGlobalSection
EndGlobal
